
Microsoft Visual Studio Solution File, Format Version 12.00
# Visual Studio Version 17
VisualStudioVersion = 17.0.31903.59
MinimumVisualStudioVersion = 10.0.40219.1
Project("{FAE04EC0-301F-11D3-BF4B-00C04F79EFBC}") = "API", "API\API.csproj", "{E4753504-91AA-45F5-8696-97459CD17BA1}"
EndProject
Project("{FAE04EC0-301F-11D3-BF4B-00C04F79EFBC}") = "Application", "Application\Application.csproj", "{8E5362A5-A5BF-4607-A461-D6D08335E514}"
EndProject
Project("{FAE04EC0-301F-11D3-BF4B-00C04F79EFBC}") = "Domain", "Domain\Domain.csproj", "{DCDF5786-3A6C-4319-BD2C-F4146B63592E}"
EndProject
Project("{FAE04EC0-301F-11D3-BF4B-00C04F79EFBC}") = "Persistence", "Persistence\Persistence.csproj", "{E6F6FA91-AEFB-4187-A07B-01E5A1757EEF}"
EndProject
Global
	GlobalSection(SolutionConfigurationPlatforms) = preSolution
		Debug|Any CPU = Debug|Any CPU
		Release|Any CPU = Release|Any CPU
	EndGlobalSection
	GlobalSection(SolutionProperties) = preSolution
		HideSolutionNode = FALSE
	EndGlobalSection
	GlobalSection(ProjectConfigurationPlatforms) = postSolution
		{E4753504-91AA-45F5-8696-97459CD17BA1}.Debug|Any CPU.ActiveCfg = Debug|Any CPU
		{E4753504-91AA-45F5-8696-97459CD17BA1}.Debug|Any CPU.Build.0 = Debug|Any CPU
		{E4753504-91AA-45F5-8696-97459CD17BA1}.Release|Any CPU.ActiveCfg = Release|Any CPU
		{E4753504-91AA-45F5-8696-97459CD17BA1}.Release|Any CPU.Build.0 = Release|Any CPU
		{8E5362A5-A5BF-4607-A461-D6D08335E514}.Debug|Any CPU.ActiveCfg = Debug|Any CPU
		{8E5362A5-A5BF-4607-A461-D6D08335E514}.Debug|Any CPU.Build.0 = Debug|Any CPU
		{8E5362A5-A5BF-4607-A461-D6D08335E514}.Release|Any CPU.ActiveCfg = Release|Any CPU
		{8E5362A5-A5BF-4607-A461-D6D08335E514}.Release|Any CPU.Build.0 = Release|Any CPU
		{DCDF5786-3A6C-4319-BD2C-F4146B63592E}.Debug|Any CPU.ActiveCfg = Debug|Any CPU
		{DCDF5786-3A6C-4319-BD2C-F4146B63592E}.Debug|Any CPU.Build.0 = Debug|Any CPU
		{DCDF5786-3A6C-4319-BD2C-F4146B63592E}.Release|Any CPU.ActiveCfg = Release|Any CPU
		{DCDF5786-3A6C-4319-BD2C-F4146B63592E}.Release|Any CPU.Build.0 = Release|Any CPU
		{E6F6FA91-AEFB-4187-A07B-01E5A1757EEF}.Debug|Any CPU.ActiveCfg = Debug|Any CPU
		{E6F6FA91-AEFB-4187-A07B-01E5A1757EEF}.Debug|Any CPU.Build.0 = Debug|Any CPU
		{E6F6FA91-AEFB-4187-A07B-01E5A1757EEF}.Release|Any CPU.ActiveCfg = Release|Any CPU
		{E6F6FA91-AEFB-4187-A07B-01E5A1757EEF}.Release|Any CPU.Build.0 = Release|Any CPU
	EndGlobalSection
EndGlobal
